// !$*UTF8*$!
{
	archiveVersion = 1;
	classes = {
	};
	objectVersion = 50;
	objects = {

/* Begin PBXBuildFile section */
		DE252F7E24AD51DB00888FDD /* AppDelegate.swift in Sources */ = {isa = PBXBuildFile; fileRef = DE252F7D24AD51DB00888FDD /* AppDelegate.swift */; };
		DE252F8024AD51DB00888FDD /* SceneDelegate.swift in Sources */ = {isa = PBXBuildFile; fileRef = DE252F7F24AD51DB00888FDD /* SceneDelegate.swift */; };
		DE252F8224AD51DB00888FDD /* ContentView.swift in Sources */ = {isa = PBXBuildFile; fileRef = DE252F8124AD51DB00888FDD /* ContentView.swift */; };
		DE252F8424AD51DF00888FDD /* Assets.xcassets in Resources */ = {isa = PBXBuildFile; fileRef = DE252F8324AD51DF00888FDD /* Assets.xcassets */; };
		DE252F8724AD51DF00888FDD /* Preview Assets.xcassets in Resources */ = {isa = PBXBuildFile; fileRef = DE252F8624AD51DF00888FDD /* Preview Assets.xcassets */; };
		DE252F8A24AD51DF00888FDD /* LaunchScreen.storyboard in Resources */ = {isa = PBXBuildFile; fileRef = DE252F8824AD51DF00888FDD /* LaunchScreen.storyboard */; };
		DE252F9224AD549800888FDD /* CardView.swift in Sources */ = {isa = PBXBuildFile; fileRef = DE252F9124AD549800888FDD /* CardView.swift */; };
		DEFBD67924B1190C00C51D2F /* NavBar.swift in Sources */ = {isa = PBXBuildFile; fileRef = DEFBD67824B1190C00C51D2F /* NavBar.swift */; };
		DEFBD67B24B11BC100C51D2F /* SwipeView.swift in Sources */ = {isa = PBXBuildFile; fileRef = DEFBD67A24B11BC100C51D2F /* SwipeView.swift */; };
		DEFBD67D24B11CC100C51D2F /* DateView.swift in Sources */ = {isa = PBXBuildFile; fileRef = DEFBD67C24B11CC100C51D2F /* DateView.swift */; };
/* End PBXBuildFile section */

/* Begin PBXFileReference section */
		DE252F7A24AD51DB00888FDD /* Dog Adopter.app */ = {isa = PBXFileReference; explicitFileType = wrapper.application; includeInIndex = 0; path = "Dog Adopter.app"; sourceTree = BUILT_PRODUCTS_DIR; };
		DE252F7D24AD51DB00888FDD /* AppDelegate.swift */ = {isa = PBXFileReference; lastKnownFileType = sourcecode.swift; path = AppDelegate.swift; sourceTree = "<group>"; };
		DE252F7F24AD51DB00888FDD /* SceneDelegate.swift */ = {isa = PBXFileReference; lastKnownFileType = sourcecode.swift; path = SceneDelegate.swift; sourceTree = "<group>"; };
		DE252F8124AD51DB00888FDD /* ContentView.swift */ = {isa = PBXFileReference; lastKnownFileType = sourcecode.swift; path = ContentView.swift; sourceTree = "<group>"; };
		DE252F8324AD51DF00888FDD /* Assets.xcassets */ = {isa = PBXFileReference; lastKnownFileType = folder.assetcatalog; path = Assets.xcassets; sourceTree = "<group>"; };
		DE252F8624AD51DF00888FDD /* Preview Assets.xcassets */ = {isa = PBXFileReference; lastKnownFileType = folder.assetcatalog; path = "Preview Assets.xcassets"; sourceTree = "<group>"; };
		DE252F8924AD51DF00888FDD /* Base */ = {isa = PBXFileReference; lastKnownFileType = file.storyboard; name = Base; path = Base.lproj/LaunchScreen.storyboard; sourceTree = "<group>"; };
		DE252F8B24AD51DF00888FDD /* Info.plist */ = {isa = PBXFileReference; lastKnownFileType = text.plist.xml; path = Info.plist; sourceTree = "<group>"; };
		DE252F9124AD549800888FDD /* CardView.swift */ = {isa = PBXFileReference; lastKnownFileType = sourcecode.swift; path = CardView.swift; sourceTree = "<group>"; };
		DEFBD67824B1190C00C51D2F /* NavBar.swift */ = {isa = PBXFileReference; lastKnownFileType = sourcecode.swift; path = NavBar.swift; sourceTree = "<group>"; };
		DEFBD67A24B11BC100C51D2F /* SwipeView.swift */ = {isa = PBXFileReference; lastKnownFileType = sourcecode.swift; path = SwipeView.swift; sourceTree = "<group>"; };
		DEFBD67C24B11CC100C51D2F /* DateView.swift */ = {isa = PBXFileReference; lastKnownFileType = sourcecode.swift; path = DateView.swift; sourceTree = "<group>"; };
/* End PBXFileReference section */

/* Begin PBXFrameworksBuildPhase section */
		DE252F7724AD51DB00888FDD /* Frameworks */ = {
			isa = PBXFrameworksBuildPhase;
			buildActionMask = 2147483647;
			files = (
			);
			runOnlyForDeploymentPostprocessing = 0;
		};
/* End PBXFrameworksBuildPhase section */

/* Begin PBXGroup section */
		DE252F7124AD51DB00888FDD = {
			isa = PBXGroup;
			children = (
				DE252F7C24AD51DB00888FDD /* Dog Adopter */,
				DE252F7B24AD51DB00888FDD /* Products */,
			);
			sourceTree = "<group>";
		};
		DE252F7B24AD51DB00888FDD /* Products */ = {
			isa = PBXGroup;
			children = (
				DE252F7A24AD51DB00888FDD /* Dog Adopter.app */,
			);
			name = Products;
			sourceTree = "<group>";
		};
		DE252F7C24AD51DB00888FDD /* Dog Adopter */ = {
			isa = PBXGroup;
			children = (
				DE252F7D24AD51DB00888FDD /* AppDelegate.swift */,
				DE252F7F24AD51DB00888FDD /* SceneDelegate.swift */,
				DE252F8124AD51DB00888FDD /* ContentView.swift */,
				DE252F9124AD549800888FDD /* CardView.swift */,
				DE252F8324AD51DF00888FDD /* Assets.xcassets */,
				DE252F8824AD51DF00888FDD /* LaunchScreen.storyboard */,
				DE252F8B24AD51DF00888FDD /* Info.plist */,
				DE252F8524AD51DF00888FDD /* Preview Content */,
				DEFBD67824B1190C00C51D2F /* NavBar.swift */,
				DEFBD67A24B11BC100C51D2F /* SwipeView.swift */,
				DEFBD67C24B11CC100C51D2F /* DateView.swift */,
			);
			path = "Dog Adopter";
			sourceTree = "<group>";
		};
		DE252F8524AD51DF00888FDD /* Preview Content */ = {
			isa = PBXGroup;
			children = (
				DE252F8624AD51DF00888FDD /* Preview Assets.xcassets */,
			);
			path = "Preview Content";
			sourceTree = "<group>";
		};
/* End PBXGroup section */

/* Begin PBXNativeTarget section */
		DE252F7924AD51DB00888FDD /* Dog Adopter */ = {
			isa = PBXNativeTarget;
			buildConfigurationList = DE252F8E24AD51DF00888FDD /* Build configuration list for PBXNativeTarget "Dog Adopter" */;
			buildPhases = (
				DE252F7624AD51DB00888FDD /* Sources */,
				DE252F7724AD51DB00888FDD /* Frameworks */,
				DE252F7824AD51DB00888FDD /* Resources */,
			);
			buildRules = (
			);
			dependencies = (
			);
			name = "Dog Adopter";
			productName = "Dog Adopter";
			productReference = DE252F7A24AD51DB00888FDD /* Dog Adopter.app */;
			productType = "com.apple.product-type.application";
		};
/* End PBXNativeTarget section */

/* Begin PBXProject section */
		DE252F7224AD51DB00888FDD /* Project object */ = {
			isa = PBXProject;
			attributes = {
				LastSwiftUpdateCheck = 1150;
				LastUpgradeCheck = 1150;
				ORGANIZATIONNAME = "Aidan Middleton";
				TargetAttributes = {
					DE252F7924AD51DB00888FDD = {
						CreatedOnToolsVersion = 11.5;
					};
				};
			};
			buildConfigurationList = DE252F7524AD51DB00888FDD /* Build configuration list for PBXProject "Dog Adopter" */;
			compatibilityVersion = "Xcode 9.3";
			developmentRegion = en;
			hasScannedForEncodings = 0;
			knownRegions = (
				en,
				Base,
			);
			mainGroup = DE252F7124AD51DB00888FDD;
			productRefGroup = DE252F7B24AD51DB00888FDD /* Products */;
			projectDirPath = "";
			projectRoot = "";
			targets = (
				DE252F7924AD51DB00888FDD /* Dog Adopter */,
			);
		};
/* End PBXProject section */

/* Begin PBXResourcesBuildPhase section */
		DE252F7824AD51DB00888FDD /* Resources */ = {
			isa = PBXResourcesBuildPhase;
			buildActionMask = 2147483647;
			files = (
				DE252F8A24AD51DF00888FDD /* LaunchScreen.storyboard in Resources */,
				DE252F8724AD51DF00888FDD /* Preview Assets.xcassets in Resources */,
				DE252F8424AD51DF00888FDD /* Assets.xcassets in Resources */,
			);
			runOnlyForDeploymentPostprocessing = 0;
		};
/* End PBXResourcesBuildPhase section */

/* Begin PBXSourcesBuildPhase section */
		DE252F7624AD51DB00888FDD /* Sources */ = {
			isa = PBXSourcesBuildPhase;
			buildActionMask = 2147483647;
			files = (
				DEFBD67924B1190C00C51D2F /* NavBar.swift in Sources */,
				DE252F7E24AD51DB00888FDD /* AppDelegate.swift in Sources */,
				DEFBD67D24B11CC100C51D2F /* DateView.swift in Sources */,
				DE252F8024AD51DB00888FDD /* SceneDelegate.swift in Sources */,
				DEFBD67B24B11BC100C51D2F /* SwipeView.swift in Sources */,
				DE252F9224AD549800888FDD /* CardView.swift in Sources */,
				DE252F8224AD51DB00888FDD /* ContentView.swift in Sources */,
			);
			runOnlyForDeploymentPostprocessing = 0;
		};
/* End PBXSourcesBuildPhase section */

/* Begin PBXVariantGroup section */
		DE252F8824AD51DF00888FDD /* LaunchScreen.storyboard */ = {
			isa = PBXVariantGroup;
			children = (
				DE252F8924AD51DF00888FDD /* Base */,
			);
			name = LaunchScreen.storyboard;
			sourceTree = "<group>";
		};
/* End PBXVariantGroup section */

/* Begin XCBuildConfiguration section */
		DE252F8C24AD51DF00888FDD /* Debug */ = {
			isa = XCBuildConfiguration;
			buildSettings = {
				ALWAYS_SEARCH_USER_PATHS = NO;
				CLANG_ANALYZER_NONNULL = YES;
				CLANG_ANALYZER_NUMBER_OBJECT_CONVERSION = YES_AGGRESSIVE;
				CLANG_CXX_LANGUAGE_STANDARD = "gnu++14";
				CLANG_CXX_LIBRARY = "libc++";
				CLANG_ENABLE_MODULES = YES;
				CLANG_ENABLE_OBJC_ARC = YES;
				CLANG_ENABLE_OBJC_WEAK = YES;
				CLANG_WARN_BLOCK_CAPTURE_AUTORELEASING = YES;
				CLANG_WARN_BOOL_CONVERSION = YES;
				CLANG_WARN_COMMA = YES;
				CLANG_WARN_CONSTANT_CONVERSION = YES;
				CLANG_WARN_DEPRECATED_OBJC_IMPLEMENTATIONS = YES;
				CLANG_WARN_DIRECT_OBJC_ISA_USAGE = YES_ERROR;
				CLANG_WARN_DOCUMENTATION_COMMENTS = YES;
				CLANG_WARN_EMPTY_BODY = YES;
				CLANG_WARN_ENUM_CONVERSION = YES;
				CLANG_WARN_INFINITE_RECURSION = YES;
				CLANG_WARN_INT_CONVERSION = YES;
				CLANG_WARN_NON_LITERAL_NULL_CONVERSION = YES;
				CLANG_WARN_OBJC_IMPLICIT_RETAIN_SELF = YES;
				CLANG_WARN_OBJC_LITERAL_CONVERSION = YES;
				CLANG_WARN_OBJC_ROOT_CLASS = YES_ERROR;
				CLANG_WARN_RANGE_LOOP_ANALYSIS = YES;
				CLANG_WARN_STRICT_PROTOTYPES = YES;
				CLANG_WARN_SUSPICIOUS_MOVE = YES;
				CLANG_WARN_UNGUARDED_AVAILABILITY = YES_AGGRESSIVE;
				CLANG_WARN_UNREACHABLE_CODE = YES;
				CLANG_WARN__DUPLICATE_METHOD_MATCH = YES;
				COPY_PHASE_STRIP = NO;
				DEBUG_INFORMATION_FORMAT = dwarf;
				ENABLE_STRICT_OBJC_MSGSEND = YES;
				ENABLE_TESTABILITY = YES;
				GCC_C_LANGUAGE_STANDARD = gnu11;
				GCC_DYNAMIC_NO_PIC = NO;
				GCC_NO_COMMON_BLOCKS = YES;
				GCC_OPTIMIZATION_LEVEL = 0;
				GCC_PREPROCESSOR_DEFINITIONS = (
					"DEBUG=1",
					"$(inherited)",
				);
				GCC_WARN_64_TO_32_BIT_CONVERSION = YES;
				GCC_WARN_ABOUT_RETURN_TYPE = YES_ERROR;
				GCC_WARN_UNDECLARED_SELECTOR = YES;
				GCC_WARN_UNINITIALIZED_AUTOS = YES_AGGRESSIVE;
				GCC_WARN_UNUSED_FUNCTION = YES;
				GCC_WARN_UNUSED_VARIABLE = YES;
				IPHONEOS_DEPLOYMENT_TARGET = 13.5;
				MTL_ENABLE_DEBUG_INFO = INCLUDE_SOURCE;
				MTL_FAST_MATH = YES;
				ONLY_ACTIVE_ARCH = YES;
				SDKROOT = iphoneos;
				SWIFT_ACTIVE_COMPILATION_CONDITIONS = DEBUG;
				SWIFT_OPTIMIZATION_LEVEL = "-Onone";
			};
			name = Debug;
		};
		DE252F8D24AD51DF00888FDD /* Release */ = {
			isa = XCBuildConfiguration;
			buildSettings = {
				ALWAYS_SEARCH_USER_PATHS = NO;
				CLANG_ANALYZER_NONNULL = YES;
				CLANG_ANALYZER_NUMBER_OBJECT_CONVERSION = YES_AGGRESSIVE;
				CLANG_CXX_LANGUAGE_STANDARD = "gnu++14";
				CLANG_CXX_LIBRARY = "libc++";
				CLANG_ENABLE_MODULES = YES;
				CLANG_ENABLE_OBJC_ARC = YES;
				CLANG_ENABLE_OBJC_WEAK = YES;
				CLANG_WARN_BLOCK_CAPTURE_AUTORELEASING = YES;
				CLANG_WARN_BOOL_CONVERSION = YES;
				CLANG_WARN_COMMA = YES;
				CLANG_WARN_CONSTANT_CONVERSION = YES;
				CLANG_WARN_DEPRECATED_OBJC_IMPLEMENTATIONS = YES;
				CLANG_WARN_DIRECT_OBJC_ISA_USAGE = YES_ERROR;
				CLANG_WARN_DOCUMENTATION_COMMENTS = YES;
				CLANG_WARN_EMPTY_BODY = YES;
				CLANG_WARN_ENUM_CONVERSION = YES;
				CLANG_WARN_INFINITE_RECURSION = YES;
				CLANG_WARN_INT_CONVERSION = YES;
				CLANG_WARN_NON_LITERAL_NULL_CONVERSION = YES;
				CLANG_WARN_OBJC_IMPLICIT_RETAIN_SELF = YES;
				CLANG_WARN_OBJC_LITERAL_CONVERSION = YES;
				CLANG_WARN_OBJC_ROOT_CLASS = YES_ERROR;
				CLANG_WARN_RANGE_LOOP_ANALYSIS = YES;
				CLANG_WARN_STRICT_PROTOTYPES = YES;
				CLANG_WARN_SUSPICIOUS_MOVE = YES;
				CLANG_WARN_UNGUARDED_AVAILABILITY = YES_AGGRESSIVE;
				CLANG_WARN_UNREACHABLE_CODE = YES;
				CLANG_WARN__DUPLICATE_METHOD_MATCH = YES;
				COPY_PHASE_STRIP = NO;
				DEBUG_INFORMATION_FORMAT = "dwarf-with-dsym";
				ENABLE_NS_ASSERTIONS = NO;
				ENABLE_STRICT_OBJC_MSGSEND = YES;
				GCC_C_LANGUAGE_STANDARD = gnu11;
				GCC_NO_COMMON_BLOCKS = YES;
				GCC_WARN_64_TO_32_BIT_CONVERSION = YES;
				GCC_WARN_ABOUT_RETURN_TYPE = YES_ERROR;
				GCC_WARN_UNDECLARED_SELECTOR = YES;
				GCC_WARN_UNINITIALIZED_AUTOS = YES_AGGRESSIVE;
				GCC_WARN_UNUSED_FUNCTION = YES;
				GCC_WARN_UNUSED_VARIABLE = YES;
				IPHONEOS_DEPLOYMENT_TARGET = 13.5;
				MTL_ENABLE_DEBUG_INFO = NO;
				MTL_FAST_MATH = YES;
				SDKROOT = iphoneos;
				SWIFT_COMPILATION_MODE = wholemodule;
				SWIFT_OPTIMIZATION_LEVEL = "-O";
				VALIDATE_PRODUCT = YES;
			};
			name = Release;
		};
		DE252F8F24AD51DF00888FDD /* Debug */ = {
			isa = XCBuildConfiguration;
			buildSettings = {
				ASSETCATALOG_COMPILER_APPICON_NAME = AppIcon;
				CODE_SIGN_STYLE = Automatic;
				DEVELOPMENT_ASSET_PATHS = "\"Dog Adopter/Preview Content\"";
				ENABLE_PREVIEWS = YES;
				INFOPLIST_FILE = "Dog Adopter/Info.plist";
				LD_RUNPATH_SEARCH_PATHS = (
					"$(inherited)",
					"@executable_path/Frameworks",
				);
				PRODUCT_BUNDLE_IDENTIFIER = "Middleton.Dog-Adopter";
				PRODUCT_NAME = "$(TARGET_NAME)";
				SWIFT_VERSION = 5.0;
				TARGETED_DEVICE_FAMILY = "1,2";
			};
			name = Debug;
		};
		DE252F9024AD51DF00888FDD /* Release */ = {
			isa = XCBuildConfiguration;
			buildSettings = {
				ASSETCATALOG_COMPILER_APPICON_NAME = AppIcon;
				CODE_SIGN_STYLE = Automatic;
				DEVELOPMENT_ASSET_PATHS = "\"Dog Adopter/Preview Content\"";
				ENABLE_PREVIEWS = YES;
				INFOPLIST_FILE = "Dog Adopter/Info.plist";
				LD_RUNPATH_SEARCH_PATHS = (
					"$(inherited)",
					"@executable_path/Frameworks",
				);
				PRODUCT_BUNDLE_IDENTIFIER = "Middleton.Dog-Adopter";
				PRODUCT_NAME = "$(TARGET_NAME)";
				SWIFT_VERSION = 5.0;
				TARGETED_DEVICE_FAMILY = "1,2";
			};
			name = Release;
		};
/* End XCBuildConfiguration section */

/* Begin XCConfigurationList section */
		DE252F7524AD51DB00888FDD /* Build configuration list for PBXProject "Dog Adopter" */ = {
			isa = XCConfigurationList;
			buildConfigurations = (
				DE252F8C24AD51DF00888FDD /* Debug */,
				DE252F8D24AD51DF00888FDD /* Release */,
			);
			defaultConfigurationIsVisible = 0;
			defaultConfigurationName = Release;
		};
		DE252F8E24AD51DF00888FDD /* Build configuration list for PBXNativeTarget "Dog Adopter" */ = {
			isa = XCConfigurationList;
			buildConfigurations = (
				DE252F8F24AD51DF00888FDD /* Debug */,
				DE252F9024AD51DF00888FDD /* Release */,
			);
			defaultConfigurationIsVisible = 0;
			defaultConfigurationName = Release;
		};
/* End XCConfigurationList section */
	};
	rootObject = DE252F7224AD51DB00888FDD /* Project object */;
}
